
Microsoft Visual Studio Solution File, Format Version 12.00
# Visual Studio Version 16
VisualStudioVersion = 16.0.30523.141
MinimumVisualStudioVersion = 10.0.40219.1
Project("{9A19103F-16F7-4668-BE54-9A1E7A4F7556}") = "Lists(Fundamentals)", "Lists(Fundamentals)\Lists(Fundamentals).csproj", "{8709E9A0-96DD-47DC-9487-B83EFD57DA45}"
EndProject
Project("{9A19103F-16F7-4668-BE54-9A1E7A4F7556}") = "ListOfProduct", "ListOfProduct\ListOfProduct.csproj", "{226847A6-6A59-47A6-90D6-E07953EF2BEB}"
EndProject
Project("{9A19103F-16F7-4668-BE54-9A1E7A4F7556}") = "02.ChangeList", "02.ChangeList\02.ChangeList.csproj", "{E17618D5-E808-47FD-A4AB-BC6B62D38500}"
EndProject
Project("{FAE04EC0-301F-11D3-BF4B-00C04F79EFBC}") = "03.HouseParty", "03.HouseParty\03.HouseParty.csproj", "{6721F102-A1C6-4CDB-9B10-C47AED4FC41B}"
EndProject
Project("{FAE04EC0-301F-11D3-BF4B-00C04F79EFBC}") = "04.ListOperations", "04.ListOperations\04.ListOperations.csproj", "{AD850DC4-920B-452C-85C4-14876467FA23}"
EndProject
Project("{FAE04EC0-301F-11D3-BF4B-00C04F79EFBC}") = "01.Train", "01.Train\01.Train.csproj", "{532A86CE-2AE7-4537-9721-79C56032474B}"
EndProject
Project("{FAE04EC0-301F-11D3-BF4B-00C04F79EFBC}") = "05.BombNumbers", "05.BombNumbers\05.BombNumbers.csproj", "{27487A23-CE0E-49C1-A2CB-DCC5F7A12999}"
EndProject
Project("{FAE04EC0-301F-11D3-BF4B-00C04F79EFBC}") = "06.CardGAme", "06.CardGAme\06.CardGAme.csproj", "{2F41E807-9C22-4A67-B578-9EF531E0F7A9}"
EndProject
Project("{FAE04EC0-301F-11D3-BF4B-00C04F79EFBC}") = "07.AppendArrays", "07.AppendArrays\07.AppendArrays.csproj", "{7BA7003B-B397-4BB8-9B80-15007771CE97}"
EndProject
Project("{FAE04EC0-301F-11D3-BF4B-00C04F79EFBC}") = "08.AnonymousThreat", "08.AnonymousThreat\08.AnonymousThreat.csproj", "{31396EE5-09E5-45BE-ACC1-10D32FB4644F}"
EndProject
Project("{FAE04EC0-301F-11D3-BF4B-00C04F79EFBC}") = "01.Messaging", "01.Messaging\01.Messaging.csproj", "{B37AC506-A050-4F71-8DB5-3AABDB03BF91}"
EndProject
Global
	GlobalSection(SolutionConfigurationPlatforms) = preSolution
		Debug|Any CPU = Debug|Any CPU
		Release|Any CPU = Release|Any CPU
	EndGlobalSection
	GlobalSection(ProjectConfigurationPlatforms) = postSolution
		{8709E9A0-96DD-47DC-9487-B83EFD57DA45}.Debug|Any CPU.ActiveCfg = Debug|Any CPU
		{8709E9A0-96DD-47DC-9487-B83EFD57DA45}.Debug|Any CPU.Build.0 = Debug|Any CPU
		{8709E9A0-96DD-47DC-9487-B83EFD57DA45}.Release|Any CPU.ActiveCfg = Release|Any CPU
		{8709E9A0-96DD-47DC-9487-B83EFD57DA45}.Release|Any CPU.Build.0 = Release|Any CPU
		{226847A6-6A59-47A6-90D6-E07953EF2BEB}.Debug|Any CPU.ActiveCfg = Debug|Any CPU
		{226847A6-6A59-47A6-90D6-E07953EF2BEB}.Debug|Any CPU.Build.0 = Debug|Any CPU
		{226847A6-6A59-47A6-90D6-E07953EF2BEB}.Release|Any CPU.ActiveCfg = Release|Any CPU
		{226847A6-6A59-47A6-90D6-E07953EF2BEB}.Release|Any CPU.Build.0 = Release|Any CPU
		{E17618D5-E808-47FD-A4AB-BC6B62D38500}.Debug|Any CPU.ActiveCfg = Debug|Any CPU
		{E17618D5-E808-47FD-A4AB-BC6B62D38500}.Debug|Any CPU.Build.0 = Debug|Any CPU
		{E17618D5-E808-47FD-A4AB-BC6B62D38500}.Release|Any CPU.ActiveCfg = Release|Any CPU
		{E17618D5-E808-47FD-A4AB-BC6B62D38500}.Release|Any CPU.Build.0 = Release|Any CPU
		{6721F102-A1C6-4CDB-9B10-C47AED4FC41B}.Debug|Any CPU.ActiveCfg = Debug|Any CPU
		{6721F102-A1C6-4CDB-9B10-C47AED4FC41B}.Debug|Any CPU.Build.0 = Debug|Any CPU
		{6721F102-A1C6-4CDB-9B10-C47AED4FC41B}.Release|Any CPU.ActiveCfg = Release|Any CPU
		{6721F102-A1C6-4CDB-9B10-C47AED4FC41B}.Release|Any CPU.Build.0 = Release|Any CPU
		{AD850DC4-920B-452C-85C4-14876467FA23}.Debug|Any CPU.ActiveCfg = Debug|Any CPU
		{AD850DC4-920B-452C-85C4-14876467FA23}.Debug|Any CPU.Build.0 = Debug|Any CPU
		{AD850DC4-920B-452C-85C4-14876467FA23}.Release|Any CPU.ActiveCfg = Release|Any CPU
		{AD850DC4-920B-452C-85C4-14876467FA23}.Release|Any CPU.Build.0 = Release|Any CPU
		{532A86CE-2AE7-4537-9721-79C56032474B}.Debug|Any CPU.ActiveCfg = Debug|Any CPU
		{532A86CE-2AE7-4537-9721-79C56032474B}.Debug|Any CPU.Build.0 = Debug|Any CPU
		{532A86CE-2AE7-4537-9721-79C56032474B}.Release|Any CPU.ActiveCfg = Release|Any CPU
		{532A86CE-2AE7-4537-9721-79C56032474B}.Release|Any CPU.Build.0 = Release|Any CPU
		{27487A23-CE0E-49C1-A2CB-DCC5F7A12999}.Debug|Any CPU.ActiveCfg = Debug|Any CPU
		{27487A23-CE0E-49C1-A2CB-DCC5F7A12999}.Debug|Any CPU.Build.0 = Debug|Any CPU
		{27487A23-CE0E-49C1-A2CB-DCC5F7A12999}.Release|Any CPU.ActiveCfg = Release|Any CPU
		{27487A23-CE0E-49C1-A2CB-DCC5F7A12999}.Release|Any CPU.Build.0 = Release|Any CPU
		{2F41E807-9C22-4A67-B578-9EF531E0F7A9}.Debug|Any CPU.ActiveCfg = Debug|Any CPU
		{2F41E807-9C22-4A67-B578-9EF531E0F7A9}.Debug|Any CPU.Build.0 = Debug|Any CPU
		{2F41E807-9C22-4A67-B578-9EF531E0F7A9}.Release|Any CPU.ActiveCfg = Release|Any CPU
		{2F41E807-9C22-4A67-B578-9EF531E0F7A9}.Release|Any CPU.Build.0 = Release|Any CPU
		{7BA7003B-B397-4BB8-9B80-15007771CE97}.Debug|Any CPU.ActiveCfg = Debug|Any CPU
		{7BA7003B-B397-4BB8-9B80-15007771CE97}.Debug|Any CPU.Build.0 = Debug|Any CPU
		{7BA7003B-B397-4BB8-9B80-15007771CE97}.Release|Any CPU.ActiveCfg = Release|Any CPU
		{7BA7003B-B397-4BB8-9B80-15007771CE97}.Release|Any CPU.Build.0 = Release|Any CPU
		{31396EE5-09E5-45BE-ACC1-10D32FB4644F}.Debug|Any CPU.ActiveCfg = Debug|Any CPU
		{31396EE5-09E5-45BE-ACC1-10D32FB4644F}.Debug|Any CPU.Build.0 = Debug|Any CPU
		{31396EE5-09E5-45BE-ACC1-10D32FB4644F}.Release|Any CPU.ActiveCfg = Release|Any CPU
		{31396EE5-09E5-45BE-ACC1-10D32FB4644F}.Release|Any CPU.Build.0 = Release|Any CPU
		{B37AC506-A050-4F71-8DB5-3AABDB03BF91}.Debug|Any CPU.ActiveCfg = Debug|Any CPU
		{B37AC506-A050-4F71-8DB5-3AABDB03BF91}.Debug|Any CPU.Build.0 = Debug|Any CPU
		{B37AC506-A050-4F71-8DB5-3AABDB03BF91}.Release|Any CPU.ActiveCfg = Release|Any CPU
		{B37AC506-A050-4F71-8DB5-3AABDB03BF91}.Release|Any CPU.Build.0 = Release|Any CPU
	EndGlobalSection
	GlobalSection(SolutionProperties) = preSolution
		HideSolutionNode = FALSE
	EndGlobalSection
	GlobalSection(ExtensibilityGlobals) = postSolution
		SolutionGuid = {0BBC0D4C-53F7-4D5E-B00F-47DBCDF540A8}
	EndGlobalSection
EndGlobal
